
Microsoft Visual Studio Solution File, Format Version 12.00
# Visual Studio 15
VisualStudioVersion = 15.0.28307.1022
MinimumVisualStudioVersion = 10.0.40219.1
Project("{8BC9CEB8-8B4A-11D0-8D11-00A0C91BC942}") = "STL2", "STL2\STL2.vcxproj", "{A809360E-81AE-43EF-8E2C-C9037A998EC5}"
EndProject
Project("{8BC9CEB8-8B4A-11D0-8D11-00A0C91BC942}") = "List", "List\List.vcxproj", "{4AC6A01B-65A6-4AB4-B5EC-8CD7F036B74E}"
EndProject
Project("{8BC9CEB8-8B4A-11D0-8D11-00A0C91BC942}") = "Map", "Map\Map.vcxproj", "{63AA1751-7AE1-4C70-854A-7A78A5293AA7}"
EndProject
Global
	GlobalSection(SolutionConfigurationPlatforms) = preSolution
		Debug|x64 = Debug|x64
		Debug|x86 = Debug|x86
		Release|x64 = Release|x64
		Release|x86 = Release|x86
	EndGlobalSection
	GlobalSection(ProjectConfigurationPlatforms) = postSolution
		{A809360E-81AE-43EF-8E2C-C9037A998EC5}.Debug|x64.ActiveCfg = Debug|x64
		{A809360E-81AE-43EF-8E2C-C9037A998EC5}.Debug|x64.Build.0 = Debug|x64
		{A809360E-81AE-43EF-8E2C-C9037A998EC5}.Debug|x86.ActiveCfg = Debug|Win32
		{A809360E-81AE-43EF-8E2C-C9037A998EC5}.Debug|x86.Build.0 = Debug|Win32
		{A809360E-81AE-43EF-8E2C-C9037A998EC5}.Release|x64.ActiveCfg = Release|x64
		{A809360E-81AE-43EF-8E2C-C9037A998EC5}.Release|x64.Build.0 = Release|x64
		{A809360E-81AE-43EF-8E2C-C9037A998EC5}.Release|x86.ActiveCfg = Release|Win32
		{A809360E-81AE-43EF-8E2C-C9037A998EC5}.Release|x86.Build.0 = Release|Win32
		{4AC6A01B-65A6-4AB4-B5EC-8CD7F036B74E}.Debug|x64.ActiveCfg = Debug|x64
		{4AC6A01B-65A6-4AB4-B5EC-8CD7F036B74E}.Debug|x64.Build.0 = Debug|x64
		{4AC6A01B-65A6-4AB4-B5EC-8CD7F036B74E}.Debug|x86.ActiveCfg = Debug|Win32
		{4AC6A01B-65A6-4AB4-B5EC-8CD7F036B74E}.Debug|x86.Build.0 = Debug|Win32
		{4AC6A01B-65A6-4AB4-B5EC-8CD7F036B74E}.Release|x64.ActiveCfg = Release|x64
		{4AC6A01B-65A6-4AB4-B5EC-8CD7F036B74E}.Release|x64.Build.0 = Release|x64
		{4AC6A01B-65A6-4AB4-B5EC-8CD7F036B74E}.Release|x86.ActiveCfg = Release|Win32
		{4AC6A01B-65A6-4AB4-B5EC-8CD7F036B74E}.Release|x86.Build.0 = Release|Win32
		{63AA1751-7AE1-4C70-854A-7A78A5293AA7}.Debug|x64.ActiveCfg = Debug|x64
		{63AA1751-7AE1-4C70-854A-7A78A5293AA7}.Debug|x64.Build.0 = Debug|x64
		{63AA1751-7AE1-4C70-854A-7A78A5293AA7}.Debug|x86.ActiveCfg = Debug|Win32
		{63AA1751-7AE1-4C70-854A-7A78A5293AA7}.Debug|x86.Build.0 = Debug|Win32
		{63AA1751-7AE1-4C70-854A-7A78A5293AA7}.Release|x64.ActiveCfg = Release|x64
		{63AA1751-7AE1-4C70-854A-7A78A5293AA7}.Release|x64.Build.0 = Release|x64
		{63AA1751-7AE1-4C70-854A-7A78A5293AA7}.Release|x86.ActiveCfg = Release|Win32
		{63AA1751-7AE1-4C70-854A-7A78A5293AA7}.Release|x86.Build.0 = Release|Win32
	EndGlobalSection
	GlobalSection(SolutionProperties) = preSolution
		HideSolutionNode = FALSE
	EndGlobalSection
	GlobalSection(ExtensibilityGlobals) = postSolution
		SolutionGuid = {D4BDC930-AD2B-4A7C-9DED-9B456DCCDFB7}
	EndGlobalSection
EndGlobal
